{
  "name": "jc",
  "version": "1.0.0",
  "lockfileVersion": 3,
  "requires": true,
  "packages": {
    "": {
      "name": "jc",
      "version": "1.0.0",
      "license": "ISC",
      "dependencies": {
        "@tensorflow/tfjs-node": "^0.1.11",
        "moment": "^2.30.1"
      },
      "devDependencies": {}
    },
    "node_modules/@tensorflow/tfjs-core": {
      "version": "0.12.18",
      "resolved": "https://registry.npmjs.org/@tensorflow/tfjs-core/-/tfjs-core-0.12.18.tgz",
      "integrity": "sha512-1KPxNy68+nwh9CFjftduonAIYDJ5GqWJkQn536UWFl0vECL6Qer3eNEwoliNdGYOEri3rzbuypueTpjE7knSHw==",
      "license": "Apache-2.0",
      "peer": true,
      "dependencies": {
        "@types/seedrandom": "~2.4.27",
        "@types/webgl-ext": "~0.0.29",
        "@types/webgl2": "~0.0.4",
        "seedrandom": "~2.4.3"
      },
      "engines": {
        "yarn": ">= 1.3.2"
      }
    },
    "node_modules/@tensorflow/tfjs-node": {
      "version": "0.1.11",
      "resolved": "https://registry.npmjs.org/@tensorflow/tfjs-node/-/tfjs-node-0.1.11.tgz",
      "integrity": "sha512-wLemQcwZqDwvhnQz78WvE97c5WA8lREr+Idm6iW9dntNnuTZEcGfSuTbymSzA9hV7jc/RstYOkgCiX/1Qds0Uw==",
      "hasInstallScript": true,
      "dependencies": {
        "bindings": "~1.3.0"
      },
      "peerDependencies": {
        "@tensorflow/tfjs-core": "~0.12.8"
      }
    },
    "node_modules/@types/seedrandom": {
      "version": "2.4.34",
      "resolved": "https://registry.npmjs.org/@types/seedrandom/-/seedrandom-2.4.34.tgz",
      "integrity": "sha512-ytDiArvrn/3Xk6/vtylys5tlY6eo7Ane0hvcx++TKo6RxQXuVfW0AF/oeWqAj9dN29SyhtawuXstgmPlwNcv/A==",
      "license": "MIT"
    },
    "node_modules/@types/webgl-ext": {
      "version": "0.0.37",
      "resolved": "https://registry.npmjs.org/@types/webgl-ext/-/webgl-ext-0.0.37.tgz",
      "integrity": "sha512-QsoD3t64d7hUuiJTZNfBW8Pyc7v5pcV9Rc3OhRtN7E7ITciPQs8Ffp+zD47jSIakdJiXlDzYzV1+b/oHlW6KLQ==",
      "license": "MIT"
    },
    "node_modules/@types/webgl2": {
      "version": "0.0.12",
      "resolved": "https://registry.npmjs.org/@types/webgl2/-/webgl2-0.0.12.tgz",
      "integrity": "sha512-42qYzEoJ1yQlDNWSwtJmQKUKAoYv25mjsxKXhwn4/1qlG3Xlr8t8EK/2771dVi5ytw/KX5XwwG5L8lNxLf6qSQ==",
      "license": "MIT"
    },
    "node_modules/bindings": {
      "version": "1.3.1",
      "resolved": "https://registry.npmjs.org/bindings/-/bindings-1.3.1.tgz",
      "integrity": "sha512-i47mqjF9UbjxJhxGf+pZ6kSxrnI3wBLlnGI2ArWJ4r0VrvDS7ZYXkprq/pLaBWYq4GM0r4zdHY+NNRqEMU7uew==",
      "license": "MIT"
    },
    "node_modules/moment": {
      "version": "2.30.1",
      "resolved": "https://registry.npmjs.org/moment/-/moment-2.30.1.tgz",
      "integrity": "sha512-uEmtNhbDOrWPFS+hdjFCBfy9f2YoyzRpwcl+DqpC6taX21FzsTLQVbMV/W7PzNSX6x/bhC1zA3c2UQ5NzH6how==",
      "license": "MIT",
      "engines": {
        "node": "*"
      }
    },
    "node_modules/seedrandom": {
      "version": "2.4.4",
      "resolved": "https://registry.npmjs.org/seedrandom/-/seedrandom-2.4.4.tgz",
      "integrity": "sha512-9A+PDmgm+2du77B5i0Ip2cxOqqHjgNxnBgglxLcX78A2D6c2rTo61z4jnVABpF4cKeDMDG+cmXXvdnqse2VqMA==",
      "license": "MIT"
    }
  }
}
